
Microsoft Visual Studio Solution File, Format Version 12.00
# Visual Studio Version 16
VisualStudioVersion = 16.0.31112.23
MinimumVisualStudioVersion = 10.0.40219.1
Project("{9A19103F-16F7-4668-BE54-9A1E7A4F7556}") = "ProductManagement", "ProductManagement\ProductManagement.csproj", "{61691419-17C3-4753-9817-92C0669476C2}"
EndProject
Project("{FAE04EC0-301F-11D3-BF4B-00C04F79EFBC}") = "Entities", "Entities\Entities.csproj", "{B7D4DEF1-4673-4C7E-8DCB-98732C60D630}"
EndProject
Project("{FAE04EC0-301F-11D3-BF4B-00C04F79EFBC}") = "Shared", "Shared\Shared.csproj", "{BDF7D5F7-78B9-4851-86C2-DDDEE344C3BB}"
EndProject
Global
	GlobalSection(SolutionConfigurationPlatforms) = preSolution
		Debug|Any CPU = Debug|Any CPU
		Release|Any CPU = Release|Any CPU
	EndGlobalSection
	GlobalSection(ProjectConfigurationPlatforms) = postSolution
		{61691419-17C3-4753-9817-92C0669476C2}.Debug|Any CPU.ActiveCfg = Debug|Any CPU
		{61691419-17C3-4753-9817-92C0669476C2}.Debug|Any CPU.Build.0 = Debug|Any CPU
		{61691419-17C3-4753-9817-92C0669476C2}.Release|Any CPU.ActiveCfg = Release|Any CPU
		{61691419-17C3-4753-9817-92C0669476C2}.Release|Any CPU.Build.0 = Release|Any CPU
		{B7D4DEF1-4673-4C7E-8DCB-98732C60D630}.Debug|Any CPU.ActiveCfg = Debug|Any CPU
		{B7D4DEF1-4673-4C7E-8DCB-98732C60D630}.Debug|Any CPU.Build.0 = Debug|Any CPU
		{B7D4DEF1-4673-4C7E-8DCB-98732C60D630}.Release|Any CPU.ActiveCfg = Release|Any CPU
		{B7D4DEF1-4673-4C7E-8DCB-98732C60D630}.Release|Any CPU.Build.0 = Release|Any CPU
		{BDF7D5F7-78B9-4851-86C2-DDDEE344C3BB}.Debug|Any CPU.ActiveCfg = Debug|Any CPU
		{BDF7D5F7-78B9-4851-86C2-DDDEE344C3BB}.Debug|Any CPU.Build.0 = Debug|Any CPU
		{BDF7D5F7-78B9-4851-86C2-DDDEE344C3BB}.Release|Any CPU.ActiveCfg = Release|Any CPU
		{BDF7D5F7-78B9-4851-86C2-DDDEE344C3BB}.Release|Any CPU.Build.0 = Release|Any CPU
	EndGlobalSection
	GlobalSection(SolutionProperties) = preSolution
		HideSolutionNode = FALSE
	EndGlobalSection
	GlobalSection(ExtensibilityGlobals) = postSolution
		SolutionGuid = {5C71D0A4-1DFA-4F9C-AA1B-74B1AC30ADD0}
	EndGlobalSection
EndGlobal
